
Microsoft Visual Studio Solution File, Format Version 12.00
# Visual Studio Version 16
VisualStudioVersion = 16.0.33927.289
MinimumVisualStudioVersion = 10.0.40219.1
Project("{FAE04EC0-301F-11D3-BF4B-00C04F79EFBC}") = "Password_Strength", "Password_Strength.csproj", "{C1A92DB6-EA7A-4927-933C-D20C0E7AB426}"
EndProject
Global
	GlobalSection(SolutionConfigurationPlatforms) = preSolution
		Debug|Any CPU = Debug|Any CPU
		Release|Any CPU = Release|Any CPU
	EndGlobalSection
	GlobalSection(ProjectConfigurationPlatforms) = postSolution
		{C1A92DB6-EA7A-4927-933C-D20C0E7AB426}.Debug|Any CPU.ActiveCfg = Debug|Any CPU
		{C1A92DB6-EA7A-4927-933C-D20C0E7AB426}.Debug|Any CPU.Build.0 = Debug|Any CPU
		{C1A92DB6-EA7A-4927-933C-D20C0E7AB426}.Release|Any CPU.ActiveCfg = Release|Any CPU
		{C1A92DB6-EA7A-4927-933C-D20C0E7AB426}.Release|Any CPU.Build.0 = Release|Any CPU
	EndGlobalSection
	GlobalSection(SolutionProperties) = preSolution
		HideSolutionNode = FALSE
	EndGlobalSection
	GlobalSection(ExtensibilityGlobals) = postSolution
		SolutionGuid = {21857DB0-0CE9-4512-AF60-A35DE8E3F525}
	EndGlobalSection
EndGlobal
